
Microsoft Visual Studio Solution File, Format Version 12.00
# Visual Studio Version 16
VisualStudioVersion = 16.0.30804.86
MinimumVisualStudioVersion = 10.0.40219.1
Project("{8BC9CEB8-8B4A-11D0-8D11-00A0C91BC942}") = "BackendMonitoring", "BackendMonitoring.vcxproj", "{EF528947-D6BA-4303-9D01-31776A00AEEA}"
EndProject
Project("{8BC9CEB8-8B4A-11D0-8D11-00A0C91BC942}") = "BackendMonitoringTests", "BackendMonitoringTests\BackendMonitoringTests.vcxproj", "{380BB72B-7DFF-4D66-AF8A-309742F46AFE}"
EndProject
Global
	GlobalSection(SolutionConfigurationPlatforms) = preSolution
		Debug|x64 = Debug|x64
		Debug|x86 = Debug|x86
		Release|x64 = Release|x64
		Release|x86 = Release|x86
	EndGlobalSection
	GlobalSection(ProjectConfigurationPlatforms) = postSolution
		{EF528947-D6BA-4303-9D01-31776A00AEEA}.Debug|x64.ActiveCfg = Debug|x64
		{EF528947-D6BA-4303-9D01-31776A00AEEA}.Debug|x64.Build.0 = Debug|x64
		{EF528947-D6BA-4303-9D01-31776A00AEEA}.Debug|x86.ActiveCfg = Debug|Win32
		{EF528947-D6BA-4303-9D01-31776A00AEEA}.Debug|x86.Build.0 = Debug|Win32
		{EF528947-D6BA-4303-9D01-31776A00AEEA}.Release|x64.ActiveCfg = Release|x64
		{EF528947-D6BA-4303-9D01-31776A00AEEA}.Release|x64.Build.0 = Release|x64
		{EF528947-D6BA-4303-9D01-31776A00AEEA}.Release|x86.ActiveCfg = Release|Win32
		{EF528947-D6BA-4303-9D01-31776A00AEEA}.Release|x86.Build.0 = Release|Win32
		{380BB72B-7DFF-4D66-AF8A-309742F46AFE}.Debug|x64.ActiveCfg = Debug|x64
		{380BB72B-7DFF-4D66-AF8A-309742F46AFE}.Debug|x64.Build.0 = Debug|x64
		{380BB72B-7DFF-4D66-AF8A-309742F46AFE}.Debug|x86.ActiveCfg = Debug|Win32
		{380BB72B-7DFF-4D66-AF8A-309742F46AFE}.Debug|x86.Build.0 = Debug|Win32
		{380BB72B-7DFF-4D66-AF8A-309742F46AFE}.Release|x64.ActiveCfg = Release|x64
		{380BB72B-7DFF-4D66-AF8A-309742F46AFE}.Release|x64.Build.0 = Release|x64
		{380BB72B-7DFF-4D66-AF8A-309742F46AFE}.Release|x86.ActiveCfg = Release|Win32
		{380BB72B-7DFF-4D66-AF8A-309742F46AFE}.Release|x86.Build.0 = Release|Win32
	EndGlobalSection
	GlobalSection(SolutionProperties) = preSolution
		HideSolutionNode = FALSE
	EndGlobalSection
	GlobalSection(ExtensibilityGlobals) = postSolution
		SolutionGuid = {D02076AC-3FFC-461C-B30B-BDB305E3F1C4}
	EndGlobalSection
EndGlobal
