<?xml version="1.0" encoding="utf-8"?>
<Project ToolsVersion="4.0" xmlns="http://schemas.microsoft.com/developer/msbuild/2003">
  <ItemGroup>
    <Filter Include="Header files">
      <UniqueIdentifier>{93995380-89BD-4b04-88EB-625FBE52EBFB}</UniqueIdentifier>
      <Extensions>h;hh;hpp;hxx;h++;hm;inl;inc;ipp;xsd</Extensions>
    </Filter>
    <Filter Include="Source files">
      <UniqueIdentifier>{4FC737F1-C7A5-4376-A066-2A32D752A2FF}</UniqueIdentifier>
      <Extensions>cpp;c;cc;cxx;c++;cppm;ixx;def;odl;idl;hpj;bat;asm;asmx</Extensions>
    </Filter>
    <Filter Include="Resources">
      <UniqueIdentifier>{67DA6AB6-F800-4c08-8B7A-83BB121AAD01}</UniqueIdentifier>
      <Extensions>rc;ico;cur;bmp;dlg;rc2;rct;bin;rgs;gif;jpg;jpeg;jpe;resx;tiff;tif;png;wav;mfcribbon-ms</Extensions>
    </Filter>
    <Filter Include="3rdParty Libs">
      <UniqueIdentifier>{8446db49-b174-4143-9aeb-1aa26199980c}</UniqueIdentifier>
    </Filter>
    <Filter Include="3rdParty Libs\pugixml">
      <UniqueIdentifier>{31795948-adb7-42c3-94ec-ac1c0ec1f7d3}</UniqueIdentifier>
    </Filter>
    <Filter Include="Utils">
      <UniqueIdentifier>{dc771058-a6e6-42d1-8818-aa3631b8149f}</UniqueIdentifier>
    </Filter>
    <Filter Include="Utils\IParser">
      <UniqueIdentifier>{8bb96cce-47c2-477b-9d01-b047a0b2a363}</UniqueIdentifier>
    </Filter>
    <Filter Include="Utils\CConfiguration">
      <UniqueIdentifier>{f6777284-3165-4b1e-8806-c422e7e8bb0c}</UniqueIdentifier>
    </Filter>
    <Filter Include="Utils\CXML Parser">
      <UniqueIdentifier>{d5d41a88-b9a2-403f-abf5-04359048a9ca}</UniqueIdentifier>
    </Filter>
    <Filter Include="Utils\SStructs">
      <UniqueIdentifier>{2ca59a07-7c7e-42fb-90fa-6e7f689c1a0f}</UniqueIdentifier>
    </Filter>
  </ItemGroup>
  <ItemGroup>
    <ClInclude Include="include\stdafx.h">
      <Filter>Header files</Filter>
    </ClInclude>
    <ClInclude Include="include\CCommandLineHandler.h">
      <Filter>Header files</Filter>
    </ClInclude>
    <ClInclude Include="include\CService.h">
      <Filter>Header files</Filter>
    </ClInclude>
    <ClInclude Include="include\CServiceHandler.h">
      <Filter>Header files</Filter>
    </ClInclude>
    <ClInclude Include="..\..\3rdParty\include\pugiconfig.hpp">
      <Filter>3rdParty Libs\pugixml</Filter>
    </ClInclude>
    <ClInclude Include="..\..\3rdParty\include\pugixml.hpp">
      <Filter>3rdParty Libs\pugixml</Filter>
    </ClInclude>
    <ClInclude Include="..\..\utils\include\CXMLParser.h">
      <Filter>Utils\CXML Parser</Filter>
    </ClInclude>
    <ClInclude Include="..\..\utils\include\IParser.h">
      <Filter>Utils\IParser</Filter>
    </ClInclude>
    <ClInclude Include="..\..\utils\include\CConfiguration.h">
      <Filter>Utils\CConfiguration</Filter>
    </ClInclude>
    <ClInclude Include="..\..\utils\include\SConfigurationStructures.h">
      <Filter>Utils\SStructs</Filter>
    </ClInclude>
  </ItemGroup>
  <ItemGroup>
    <None Include="..\..\PropertySheets\CodeStylerSettings\.clang-format" />
  </ItemGroup>
  <ItemGroup>
    <ClCompile Include="src\BackEndMonitoringServer.cpp">
      <Filter>Source files</Filter>
    </ClCompile>
    <ClCompile Include="src\stdafx.cpp">
      <Filter>Source files</Filter>
    </ClCompile>
    <ClCompile Include="..\..\utils\include\CEvent.cpp">
      <Filter>Source files</Filter>
    </ClCompile>
    <ClCompile Include="..\..\utils\include\CJSONFormatSaver.cpp">
      <Filter>Source files</Filter>
    </ClCompile>
    <ClCompile Include="..\..\utils\include\CJSONFormatter.cpp">
      <Filter>Source files</Filter>
    </ClCompile>
    <ClCompile Include="..\..\utils\include\CThreadPool.cpp">
      <Filter>Source files</Filter>
    </ClCompile>
    <ClCompile Include="..\..\utils\include\Utils.cpp">
      <Filter>Source files</Filter>
    </ClCompile>
    <ClCompile Include="src\CCommandLineHandler.cpp">
      <Filter>Source files</Filter>
    </ClCompile>
    <ClCompile Include="src\CService.cpp">
      <Filter>Source files</Filter>
    </ClCompile>
    <ClCompile Include="src\CServiceHandler.cpp">
      <Filter>Source files</Filter>
    </ClCompile>
    <ClCompile Include="..\..\3rdParty\include\pugixml.cpp">
      <Filter>3rdParty Libs\pugixml</Filter>
    </ClCompile>
    <ClCompile Include="..\..\utils\include\CXMLParser.cpp">
      <Filter>Utils\CXML Parser</Filter>
    </ClCompile>
    <ClCompile Include="..\..\utils\include\CConfiguration.cpp">
      <Filter>Utils\CConfiguration</Filter>
    </ClCompile>
    <ClCompile Include="..\..\utils\include\IParser.cpp">
      <Filter>Utils\IParser</Filter>
    </ClCompile>
  </ItemGroup>
</Project>