<?xml version="1.0" encoding="utf-8"?>
<Project ToolsVersion="4.0" xmlns="http://schemas.microsoft.com/developer/msbuild/2003">
  <ItemGroup>
    <Filter Include="Header files">
      <UniqueIdentifier>{93995380-89BD-4b04-88EB-625FBE52EBFB}</UniqueIdentifier>
      <Extensions>h;hh;hpp;hxx;h++;hm;inl;inc;ipp;xsd</Extensions>
    </Filter>
    <Filter Include="Source files">
      <UniqueIdentifier>{4FC737F1-C7A5-4376-A066-2A32D752A2FF}</UniqueIdentifier>
      <Extensions>cpp;c;cc;cxx;c++;cppm;ixx;def;odl;idl;hpj;bat;asm;asmx</Extensions>
    </Filter>
    <Filter Include="Resources">
      <UniqueIdentifier>{67DA6AB6-F800-4c08-8B7A-83BB121AAD01}</UniqueIdentifier>
      <Extensions>rc;ico;cur;bmp;dlg;rc2;rct;bin;rgs;gif;jpg;jpeg;jpe;resx;tiff;tif;png;wav;mfcribbon-ms</Extensions>
    </Filter>
  </ItemGroup>
  <ItemGroup>
    <ClInclude Include="include\stdafx.h">
      <Filter>Header files</Filter>
    </ClInclude>
    <ClInclude Include="include\CCommandLineHandler.h">
      <Filter>Header files</Filter>
    </ClInclude>
    <ClInclude Include="include\CService.h">
      <Filter>Header files</Filter>
    </ClInclude>
    <ClInclude Include="include\CServiceHandler.h">
      <Filter>Header files</Filter>
    </ClInclude>
    <ClInclude Include="include\CContainerOfLogicalDisk.h">
      <Filter>Header files</Filter>
    </ClInclude>
    <ClInclude Include="include\CContainerOfProcesses.h">
      <Filter>Header files</Filter>
    </ClInclude>
    <ClInclude Include="include\CHardwareInfoLifeCycle.h">
      <Filter>Header files</Filter>
    </ClInclude>
    <ClInclude Include="include\CHardwareStatusSpecification.h">
      <Filter>Header files</Filter>
    </ClInclude>
    <ClInclude Include="include\CJSONFormatterLogicalDisk.h">
      <Filter>Header files</Filter>
    </ClInclude>
    <ClInclude Include="include\CJSONFormatterProcess.h">
      <Filter>Header files</Filter>
    </ClInclude>
    <ClInclude Include="include\CLogicalDiskStatus.h">
      <Filter>Header files</Filter>
    </ClInclude>
    <ClInclude Include="include\CLogicalDiskStatusLifeCycle.h">
      <Filter>Header files</Filter>
    </ClInclude>
    <ClInclude Include="include\CProcess.h">
      <Filter>Header files</Filter>
    </ClInclude>
    <ClInclude Include="include\CProcessesMonitoringLifeCycle.h">
      <Filter>Header files</Filter>
    </ClInclude>
    <ClInclude Include="include\EMemoryCountType.h">
      <Filter>Header files</Filter>
    </ClInclude>
  </ItemGroup>
  <ItemGroup>
    <None Include="..\..\PropertySheets\CodeStylerSettings\.clang-format" />
  </ItemGroup>
  <ItemGroup>
    <ClCompile Include="src\BackEndMonitoringServer.cpp">
      <Filter>Source files</Filter>
    </ClCompile>
    <ClCompile Include="src\stdafx.cpp">
      <Filter>Source files</Filter>
    </ClCompile>
    <ClCompile Include="..\..\utils\include\CEvent.cpp">
      <Filter>Source files</Filter>
    </ClCompile>
    <ClCompile Include="..\..\utils\include\CJSONFormatSaver.cpp">
      <Filter>Source files</Filter>
    </ClCompile>
    <ClCompile Include="..\..\utils\include\CJSONFormatter.cpp">
      <Filter>Source files</Filter>
    </ClCompile>
    <ClCompile Include="..\..\utils\include\CThreadPool.cpp">
      <Filter>Source files</Filter>
    </ClCompile>
    <ClCompile Include="..\..\utils\include\Utils.cpp">
      <Filter>Source files</Filter>
    </ClCompile>
    <ClCompile Include="src\CCommandLineHandler.cpp">
      <Filter>Source files</Filter>
    </ClCompile>
    <ClCompile Include="src\CService.cpp">
      <Filter>Source files</Filter>
    </ClCompile>
    <ClCompile Include="src\CServiceHandler.cpp">
      <Filter>Source files</Filter>
    </ClCompile>
    <ClCompile Include="src\CContainerOfLogicalDisk.cpp">
      <Filter>Source files</Filter>
    </ClCompile>
    <ClCompile Include="src\CContainerOfProcesses.cpp">
      <Filter>Source files</Filter>
    </ClCompile>
    <ClCompile Include="src\CHardwareStatusSpecification.cpp">
      <Filter>Source files</Filter>
    </ClCompile>
    <ClCompile Include="src\CJSONFormatterLogicalDisk.cpp">
      <Filter>Source files</Filter>
    </ClCompile>
    <ClCompile Include="src\CJSONFormatterProcess.cpp">
      <Filter>Source files</Filter>
    </ClCompile>
    <ClCompile Include="src\CLogicalDiskStatus.cpp">
      <Filter>Source files</Filter>
    </ClCompile>
    <ClCompile Include="src\CLogicalDiskStatusLifeCycle.cpp">
      <Filter>Source files</Filter>
    </ClCompile>
    <ClCompile Include="src\CProcess.cpp">
      <Filter>Source files</Filter>
    </ClCompile>
    <ClCompile Include="src\CProcessesMonitoringLifeCycle.cpp">
      <Filter>Source files</Filter>
    </ClCompile>
  </ItemGroup>
</Project>