<?xml version="1.0" encoding="utf-8"?>
<Project ToolsVersion="4.0" xmlns="http://schemas.microsoft.com/developer/msbuild/2003">
  <ItemGroup>
    <Filter Include="Source Files">
      <UniqueIdentifier>{4FC737F1-C7A5-4376-A066-2A32D752A2FF}</UniqueIdentifier>
      <Extensions>cpp;c;cc;cxx;c++;cppm;ixx;def;odl;idl;hpj;bat;asm;asmx</Extensions>
    </Filter>
    <Filter Include="Header Files">
      <UniqueIdentifier>{93995380-89BD-4b04-88EB-625FBE52EBFB}</UniqueIdentifier>
      <Extensions>h;hh;hpp;hxx;h++;hm;inl;inc;ipp;xsd</Extensions>
    </Filter>
    <Filter Include="Resource Files">
      <UniqueIdentifier>{67DA6AB6-F800-4c08-8B7A-83BB121AAD01}</UniqueIdentifier>
      <Extensions>rc;ico;cur;bmp;dlg;rc2;rct;bin;rgs;gif;jpg;jpeg;jpe;resx;tiff;tif;png;wav;mfcribbon-ms</Extensions>
    </Filter>
    <Filter Include="Header Files\Sockets">
      <UniqueIdentifier>{c0021def-4c07-49ad-95fd-b4408312ce61}</UniqueIdentifier>
    </Filter>
    <Filter Include="Source Files\Sockets">
      <UniqueIdentifier>{cffa4192-64bd-4e98-b8ab-32ccc4e42a38}</UniqueIdentifier>
    </Filter>
  </ItemGroup>
  <ItemGroup>
    <ClInclude Include="CAcceptor.h">
      <Filter>Header Files</Filter>
    </ClInclude>
    <ClInclude Include="CAcceptorWrapper.h">
      <Filter>Header Files</Filter>
    </ClInclude>
    <ClInclude Include="CClientConnectionHandler.h">
      <Filter>Header Files</Filter>
    </ClInclude>
    <ClInclude Include="CConnector.h">
      <Filter>Header Files</Filter>
    </ClInclude>
    <ClInclude Include="CConnectorWrapper.h">
      <Filter>Header Files</Filter>
    </ClInclude>
    <ClInclude Include="CEventHandler.h">
      <Filter>Header Files</Filter>
    </ClInclude>
    <ClInclude Include="CEventHandlerStorage.h">
      <Filter>Header Files</Filter>
    </ClInclude>
    <ClInclude Include="CInitiationDispatcher.h">
      <Filter>Header Files</Filter>
    </ClInclude>
    <ClInclude Include="CServiceConnectionHandler.h">
      <Filter>Header Files</Filter>
    </ClInclude>
    <ClInclude Include="CServiceHandler.h">
      <Filter>Header Files</Filter>
    </ClInclude>
    <ClInclude Include="CSocketWrapper.h">
      <Filter>Header Files</Filter>
    </ClInclude>
    <ClInclude Include="IDispatcher.h">
      <Filter>Header Files</Filter>
    </ClInclude>
    <ClInclude Include="CAcceptorSocket.h">
      <Filter>Header Files\Sockets</Filter>
    </ClInclude>
    <ClInclude Include="CBaseSocket.h">
      <Filter>Header Files\Sockets</Filter>
    </ClInclude>
    <ClInclude Include="CConnectorSocket.h">
      <Filter>Header Files\Sockets</Filter>
    </ClInclude>
    <ClInclude Include="CLinuxSocket.h">
      <Filter>Header Files\Sockets</Filter>
    </ClInclude>
    <ClInclude Include="CWindowsSocket.h">
      <Filter>Header Files\Sockets</Filter>
    </ClInclude>
    <ClInclude Include="CSocket.h">
      <Filter>Header Files\Sockets</Filter>
    </ClInclude>
    <ClInclude Include="stdafx.h">
      <Filter>Header Files</Filter>
    </ClInclude>
  </ItemGroup>
  <ItemGroup>
    <ClCompile Include="CAcceptor.cpp">
      <Filter>Source Files</Filter>
    </ClCompile>
    <ClCompile Include="CAcceptorWrapper.cpp">
      <Filter>Source Files</Filter>
    </ClCompile>
    <ClCompile Include="CClientConnectionHandler.cpp">
      <Filter>Source Files</Filter>
    </ClCompile>
    <ClCompile Include="CConnector.cpp">
      <Filter>Source Files</Filter>
    </ClCompile>
    <ClCompile Include="CConnectorWrapper.cpp">
      <Filter>Source Files</Filter>
    </ClCompile>
    <ClCompile Include="CEventHandler.cpp">
      <Filter>Source Files</Filter>
    </ClCompile>
    <ClCompile Include="CEventHandlerStorage.cpp">
      <Filter>Source Files</Filter>
    </ClCompile>
    <ClCompile Include="CInitiationDispatcher.cpp">
      <Filter>Source Files</Filter>
    </ClCompile>
    <ClCompile Include="CServiceConnectionHandler.cpp">
      <Filter>Source Files</Filter>
    </ClCompile>
    <ClCompile Include="CSocketWrapper.cpp">
      <Filter>Source Files</Filter>
    </ClCompile>
    <ClCompile Include="CAcceptorSocket.cpp">
      <Filter>Source Files\Sockets</Filter>
    </ClCompile>
    <ClCompile Include="CConnectorSocket.cpp">
      <Filter>Source Files\Sockets</Filter>
    </ClCompile>
    <ClCompile Include="CSocket.cpp">
      <Filter>Source Files\Sockets</Filter>
    </ClCompile>
    <ClCompile Include="CWindowsSocket.cpp">
      <Filter>Source Files\Sockets</Filter>
    </ClCompile>
    <ClCompile Include="stdafx.cpp">
      <Filter>Source Files</Filter>
    </ClCompile>
  </ItemGroup>
</Project>